
Microsoft Visual Studio Solution File, Format Version 12.00
# Visual Studio Version 17
VisualStudioVersion = 17.4.33213.308
MinimumVisualStudioVersion = 10.0.40219.1
Project("{9A19103F-16F7-4668-BE54-9A1E7A4F7556}") = "5.0.1", "Unut 5\5.0.1.csproj", "{AE617E80-A5D4-4B17-ACF7-0FFE969DADE4}"
EndProject
Project("{9A19103F-16F7-4668-BE54-9A1E7A4F7556}") = "5,1", "5,1\5,1.csproj", "{B20FB227-99E7-4EDE-99B7-F10BEA9950F7}"
EndProject
Project("{9A19103F-16F7-4668-BE54-9A1E7A4F7556}") = "5.1.6", "5.1.6\5.1.6.csproj", "{9CC5C720-2F35-44CA-847A-133807502219}"
EndProject
Project("{9A19103F-16F7-4668-BE54-9A1E7A4F7556}") = "5.2.2-5.2.7", "5,2,2\5.2.2-5.2.7.csproj", "{F709DD48-4AC2-40C3-86DB-DCEA0DC63FC0}"
EndProject
Project("{9A19103F-16F7-4668-BE54-9A1E7A4F7556}") = "5.2.8", "5.2.8\5.2.8.csproj", "{2F28827B-6194-4DB8-AD1D-CC7652E4CE3F}"
EndProject
Project("{9A19103F-16F7-4668-BE54-9A1E7A4F7556}") = "5.2.17", "5.2.17\5.2.17.csproj", "{A155915E-0852-4595-A4FF-B11DCA188DF4}"
EndProject
Project("{9A19103F-16F7-4668-BE54-9A1E7A4F7556}") = "5.2.18", "5.2.18\5.2.18.csproj", "{C0380DB7-3360-48BA-96FD-F5F06CF41CA9}"
EndProject
Project("{9A19103F-16F7-4668-BE54-9A1E7A4F7556}") = "5.3.1", "5.3.1\5.3.1.csproj", "{6D7572B4-0277-46CF-9DC8-B7ED2693E9A5}"
EndProject
Project("{9A19103F-16F7-4668-BE54-9A1E7A4F7556}") = "5.3.6", "5.3.6\5.3.6.csproj", "{276FAACC-41FE-4BD7-BE21-9C7AA7C6E3DE}"
EndProject
Project("{9A19103F-16F7-4668-BE54-9A1E7A4F7556}") = "5.3.11", "5.3.11\5.3.11.csproj", "{9F419F3B-3191-4064-B257-D4A279E7D794}"
EndProject
Project("{9A19103F-16F7-4668-BE54-9A1E7A4F7556}") = "5,3,13", "5,3,13\5,3,13.csproj", "{7D159274-1390-4CE3-90D1-68693CA5CA0B}"
EndProject
Project("{9A19103F-16F7-4668-BE54-9A1E7A4F7556}") = "5,5,3", "5,5,3\5,5,3.csproj", "{02A1FAB3-4E2A-45D3-85C4-E1F6F30FE4D0}"
EndProject
Project("{9A19103F-16F7-4668-BE54-9A1E7A4F7556}") = "5,5,5", "5,5,5\5,5,5.csproj", "{5BF5A8D6-91D3-4B49-9EC3-2C52682169B3}"
EndProject
Project("{9A19103F-16F7-4668-BE54-9A1E7A4F7556}") = "5.5.8", "5.5.8\5.5.8.csproj", "{01C6803F-FB9C-4F28-8875-E8A421930C82}"
EndProject
Project("{9A19103F-16F7-4668-BE54-9A1E7A4F7556}") = "5.6", "5.6\5.6.csproj", "{32A8144A-490F-4CB9-BD8E-2DC5CB86D6D4}"
EndProject
Project("{FAE04EC0-301F-11D3-BF4B-00C04F79EFBC}") = "Test", "Test\Test.csproj", "{2189C3D2-739E-4C06-A174-4E963A5BE104}"
EndProject
Global
	GlobalSection(SolutionConfigurationPlatforms) = preSolution
		Debug|Any CPU = Debug|Any CPU
		Release|Any CPU = Release|Any CPU
	EndGlobalSection
	GlobalSection(ProjectConfigurationPlatforms) = postSolution
		{AE617E80-A5D4-4B17-ACF7-0FFE969DADE4}.Debug|Any CPU.ActiveCfg = Debug|Any CPU
		{AE617E80-A5D4-4B17-ACF7-0FFE969DADE4}.Debug|Any CPU.Build.0 = Debug|Any CPU
		{AE617E80-A5D4-4B17-ACF7-0FFE969DADE4}.Release|Any CPU.ActiveCfg = Release|Any CPU
		{AE617E80-A5D4-4B17-ACF7-0FFE969DADE4}.Release|Any CPU.Build.0 = Release|Any CPU
		{B20FB227-99E7-4EDE-99B7-F10BEA9950F7}.Debug|Any CPU.ActiveCfg = Debug|Any CPU
		{B20FB227-99E7-4EDE-99B7-F10BEA9950F7}.Debug|Any CPU.Build.0 = Debug|Any CPU
		{B20FB227-99E7-4EDE-99B7-F10BEA9950F7}.Release|Any CPU.ActiveCfg = Release|Any CPU
		{B20FB227-99E7-4EDE-99B7-F10BEA9950F7}.Release|Any CPU.Build.0 = Release|Any CPU
		{9CC5C720-2F35-44CA-847A-133807502219}.Debug|Any CPU.ActiveCfg = Debug|Any CPU
		{9CC5C720-2F35-44CA-847A-133807502219}.Debug|Any CPU.Build.0 = Debug|Any CPU
		{9CC5C720-2F35-44CA-847A-133807502219}.Release|Any CPU.ActiveCfg = Release|Any CPU
		{9CC5C720-2F35-44CA-847A-133807502219}.Release|Any CPU.Build.0 = Release|Any CPU
		{F709DD48-4AC2-40C3-86DB-DCEA0DC63FC0}.Debug|Any CPU.ActiveCfg = Debug|Any CPU
		{F709DD48-4AC2-40C3-86DB-DCEA0DC63FC0}.Debug|Any CPU.Build.0 = Debug|Any CPU
		{F709DD48-4AC2-40C3-86DB-DCEA0DC63FC0}.Release|Any CPU.ActiveCfg = Release|Any CPU
		{F709DD48-4AC2-40C3-86DB-DCEA0DC63FC0}.Release|Any CPU.Build.0 = Release|Any CPU
		{2F28827B-6194-4DB8-AD1D-CC7652E4CE3F}.Debug|Any CPU.ActiveCfg = Debug|Any CPU
		{2F28827B-6194-4DB8-AD1D-CC7652E4CE3F}.Debug|Any CPU.Build.0 = Debug|Any CPU
		{2F28827B-6194-4DB8-AD1D-CC7652E4CE3F}.Release|Any CPU.ActiveCfg = Release|Any CPU
		{2F28827B-6194-4DB8-AD1D-CC7652E4CE3F}.Release|Any CPU.Build.0 = Release|Any CPU
		{A155915E-0852-4595-A4FF-B11DCA188DF4}.Debug|Any CPU.ActiveCfg = Debug|Any CPU
		{A155915E-0852-4595-A4FF-B11DCA188DF4}.Debug|Any CPU.Build.0 = Debug|Any CPU
		{A155915E-0852-4595-A4FF-B11DCA188DF4}.Release|Any CPU.ActiveCfg = Release|Any CPU
		{A155915E-0852-4595-A4FF-B11DCA188DF4}.Release|Any CPU.Build.0 = Release|Any CPU
		{C0380DB7-3360-48BA-96FD-F5F06CF41CA9}.Debug|Any CPU.ActiveCfg = Debug|Any CPU
		{C0380DB7-3360-48BA-96FD-F5F06CF41CA9}.Debug|Any CPU.Build.0 = Debug|Any CPU
		{C0380DB7-3360-48BA-96FD-F5F06CF41CA9}.Release|Any CPU.ActiveCfg = Release|Any CPU
		{C0380DB7-3360-48BA-96FD-F5F06CF41CA9}.Release|Any CPU.Build.0 = Release|Any CPU
		{6D7572B4-0277-46CF-9DC8-B7ED2693E9A5}.Debug|Any CPU.ActiveCfg = Debug|Any CPU
		{6D7572B4-0277-46CF-9DC8-B7ED2693E9A5}.Debug|Any CPU.Build.0 = Debug|Any CPU
		{6D7572B4-0277-46CF-9DC8-B7ED2693E9A5}.Release|Any CPU.ActiveCfg = Release|Any CPU
		{6D7572B4-0277-46CF-9DC8-B7ED2693E9A5}.Release|Any CPU.Build.0 = Release|Any CPU
		{276FAACC-41FE-4BD7-BE21-9C7AA7C6E3DE}.Debug|Any CPU.ActiveCfg = Debug|Any CPU
		{276FAACC-41FE-4BD7-BE21-9C7AA7C6E3DE}.Debug|Any CPU.Build.0 = Debug|Any CPU
		{276FAACC-41FE-4BD7-BE21-9C7AA7C6E3DE}.Release|Any CPU.ActiveCfg = Release|Any CPU
		{276FAACC-41FE-4BD7-BE21-9C7AA7C6E3DE}.Release|Any CPU.Build.0 = Release|Any CPU
		{9F419F3B-3191-4064-B257-D4A279E7D794}.Debug|Any CPU.ActiveCfg = Debug|Any CPU
		{9F419F3B-3191-4064-B257-D4A279E7D794}.Debug|Any CPU.Build.0 = Debug|Any CPU
		{9F419F3B-3191-4064-B257-D4A279E7D794}.Release|Any CPU.ActiveCfg = Release|Any CPU
		{9F419F3B-3191-4064-B257-D4A279E7D794}.Release|Any CPU.Build.0 = Release|Any CPU
		{7D159274-1390-4CE3-90D1-68693CA5CA0B}.Debug|Any CPU.ActiveCfg = Debug|Any CPU
		{7D159274-1390-4CE3-90D1-68693CA5CA0B}.Debug|Any CPU.Build.0 = Debug|Any CPU
		{7D159274-1390-4CE3-90D1-68693CA5CA0B}.Release|Any CPU.ActiveCfg = Release|Any CPU
		{7D159274-1390-4CE3-90D1-68693CA5CA0B}.Release|Any CPU.Build.0 = Release|Any CPU
		{02A1FAB3-4E2A-45D3-85C4-E1F6F30FE4D0}.Debug|Any CPU.ActiveCfg = Debug|Any CPU
		{02A1FAB3-4E2A-45D3-85C4-E1F6F30FE4D0}.Debug|Any CPU.Build.0 = Debug|Any CPU
		{02A1FAB3-4E2A-45D3-85C4-E1F6F30FE4D0}.Release|Any CPU.ActiveCfg = Release|Any CPU
		{02A1FAB3-4E2A-45D3-85C4-E1F6F30FE4D0}.Release|Any CPU.Build.0 = Release|Any CPU
		{5BF5A8D6-91D3-4B49-9EC3-2C52682169B3}.Debug|Any CPU.ActiveCfg = Debug|Any CPU
		{5BF5A8D6-91D3-4B49-9EC3-2C52682169B3}.Debug|Any CPU.Build.0 = Debug|Any CPU
		{5BF5A8D6-91D3-4B49-9EC3-2C52682169B3}.Release|Any CPU.ActiveCfg = Release|Any CPU
		{5BF5A8D6-91D3-4B49-9EC3-2C52682169B3}.Release|Any CPU.Build.0 = Release|Any CPU
		{01C6803F-FB9C-4F28-8875-E8A421930C82}.Debug|Any CPU.ActiveCfg = Debug|Any CPU
		{01C6803F-FB9C-4F28-8875-E8A421930C82}.Debug|Any CPU.Build.0 = Debug|Any CPU
		{01C6803F-FB9C-4F28-8875-E8A421930C82}.Release|Any CPU.ActiveCfg = Release|Any CPU
		{01C6803F-FB9C-4F28-8875-E8A421930C82}.Release|Any CPU.Build.0 = Release|Any CPU
		{32A8144A-490F-4CB9-BD8E-2DC5CB86D6D4}.Debug|Any CPU.ActiveCfg = Debug|Any CPU
		{32A8144A-490F-4CB9-BD8E-2DC5CB86D6D4}.Debug|Any CPU.Build.0 = Debug|Any CPU
		{32A8144A-490F-4CB9-BD8E-2DC5CB86D6D4}.Release|Any CPU.ActiveCfg = Release|Any CPU
		{32A8144A-490F-4CB9-BD8E-2DC5CB86D6D4}.Release|Any CPU.Build.0 = Release|Any CPU
		{2189C3D2-739E-4C06-A174-4E963A5BE104}.Debug|Any CPU.ActiveCfg = Debug|Any CPU
		{2189C3D2-739E-4C06-A174-4E963A5BE104}.Debug|Any CPU.Build.0 = Debug|Any CPU
		{2189C3D2-739E-4C06-A174-4E963A5BE104}.Release|Any CPU.ActiveCfg = Release|Any CPU
		{2189C3D2-739E-4C06-A174-4E963A5BE104}.Release|Any CPU.Build.0 = Release|Any CPU
	EndGlobalSection
	GlobalSection(SolutionProperties) = preSolution
		HideSolutionNode = FALSE
	EndGlobalSection
	GlobalSection(ExtensibilityGlobals) = postSolution
		SolutionGuid = {B17023F0-794A-47E3-B495-05F535740762}
	EndGlobalSection
EndGlobal
